
Microsoft Visual Studio Solution File, Format Version 12.00
# Visual Studio 2013
VisualStudioVersion = 12.0.21005.1
MinimumVisualStudioVersion = 10.0.40219.1
Project("{FAE04EC0-301F-11D3-BF4B-00C04F79EFBC}") = "Mvc_WebAPI", "Mvc_WebAPI\Mvc_WebAPI.csproj", "{61F32975-7092-4FDE-BF17-2DDFF11D8F79}"
EndProject
Project("{FAE04EC0-301F-11D3-BF4B-00C04F79EFBC}") = "Mvc_WebAPI.Tests", "Mvc_WebAPI.Tests\Mvc_WebAPI.Tests.csproj", "{845AFBB4-C553-4D9E-AB53-727B1304F7DD}"
EndProject
Project("{FAE04EC0-301F-11D3-BF4B-00C04F79EFBC}") = "SS_WebAPI", "SS_WebAPI\SS_WebAPI.csproj", "{DEF2CB1F-50EF-4CF1-A810-F24F6CDAC0CD}"
EndProject
Global
	GlobalSection(SolutionConfigurationPlatforms) = preSolution
		Debug|Any CPU = Debug|Any CPU
		Release|Any CPU = Release|Any CPU
	EndGlobalSection
	GlobalSection(ProjectConfigurationPlatforms) = postSolution
		{61F32975-7092-4FDE-BF17-2DDFF11D8F79}.Debug|Any CPU.ActiveCfg = Debug|Any CPU
		{61F32975-7092-4FDE-BF17-2DDFF11D8F79}.Debug|Any CPU.Build.0 = Debug|Any CPU
		{61F32975-7092-4FDE-BF17-2DDFF11D8F79}.Release|Any CPU.ActiveCfg = Release|Any CPU
		{61F32975-7092-4FDE-BF17-2DDFF11D8F79}.Release|Any CPU.Build.0 = Release|Any CPU
		{845AFBB4-C553-4D9E-AB53-727B1304F7DD}.Debug|Any CPU.ActiveCfg = Debug|Any CPU
		{845AFBB4-C553-4D9E-AB53-727B1304F7DD}.Debug|Any CPU.Build.0 = Debug|Any CPU
		{845AFBB4-C553-4D9E-AB53-727B1304F7DD}.Release|Any CPU.ActiveCfg = Release|Any CPU
		{845AFBB4-C553-4D9E-AB53-727B1304F7DD}.Release|Any CPU.Build.0 = Release|Any CPU
		{DEF2CB1F-50EF-4CF1-A810-F24F6CDAC0CD}.Debug|Any CPU.ActiveCfg = Debug|Any CPU
		{DEF2CB1F-50EF-4CF1-A810-F24F6CDAC0CD}.Debug|Any CPU.Build.0 = Debug|Any CPU
		{DEF2CB1F-50EF-4CF1-A810-F24F6CDAC0CD}.Release|Any CPU.ActiveCfg = Release|Any CPU
		{DEF2CB1F-50EF-4CF1-A810-F24F6CDAC0CD}.Release|Any CPU.Build.0 = Release|Any CPU
	EndGlobalSection
	GlobalSection(SolutionProperties) = preSolution
		HideSolutionNode = FALSE
	EndGlobalSection
EndGlobal
